
Microsoft Visual Studio Solution File, Format Version 12.00
# Visual Studio 15
VisualStudioVersion = 15.0.26730.12
MinimumVisualStudioVersion = 10.0.40219.1
Project("{9A19103F-16F7-4668-BE54-9A1E7A4F7556}") = "ImageDescribeBot", "ImageDescribeBot\ImageDescribeBot.csproj", "{0D230531-637D-4E84-97A7-9BBCE3950BCC}"
EndProject
Project("{2150E333-8FDC-42A3-9474-1A3956D46DE8}") = "Extras", "Extras", "{B9125AEA-5CC4-4396-926E-E2B355720A3A}"
	ProjectSection(SolutionItems) = preProject
		.gitignore = .gitignore
		LICENSE = LICENSE
		README = README
	EndProjectSection
EndProject
Global
	GlobalSection(SolutionConfigurationPlatforms) = preSolution
		Debug|Any CPU = Debug|Any CPU
		Release|Any CPU = Release|Any CPU
	EndGlobalSection
	GlobalSection(ProjectConfigurationPlatforms) = postSolution
		{0D230531-637D-4E84-97A7-9BBCE3950BCC}.Debug|Any CPU.ActiveCfg = Debug|Any CPU
		{0D230531-637D-4E84-97A7-9BBCE3950BCC}.Debug|Any CPU.Build.0 = Debug|Any CPU
		{0D230531-637D-4E84-97A7-9BBCE3950BCC}.Release|Any CPU.ActiveCfg = Release|Any CPU
		{0D230531-637D-4E84-97A7-9BBCE3950BCC}.Release|Any CPU.Build.0 = Release|Any CPU
	EndGlobalSection
	GlobalSection(SolutionProperties) = preSolution
		HideSolutionNode = FALSE
	EndGlobalSection
	GlobalSection(ExtensibilityGlobals) = postSolution
		SolutionGuid = {AFCFA7FF-FF87-4255-BE98-476CC31A020A}
	EndGlobalSection
EndGlobal
